
Microsoft Visual Studio Solution File, Format Version 12.00
# Visual Studio 14
VisualStudioVersion = 14.0.24720.0
MinimumVisualStudioVersion = 10.0.40219.1
Project("{FAE04EC0-301F-11D3-BF4B-00C04F79EFBC}") = "SRM682DNASequence", "SRM682DNASequence\SRM682DNASequence.csproj", "{4A63877B-B000-44E0-BFFC-18B6525A14DD}"
EndProject
Project("{FAE04EC0-301F-11D3-BF4B-00C04F79EFBC}") = "UnitTestProject1", "UnitTestProject1\UnitTestProject1.csproj", "{CDCD702B-ED16-452B-AD8A-2E0BD62B1218}"
EndProject
Global
	GlobalSection(SolutionConfigurationPlatforms) = preSolution
		Debug|Any CPU = Debug|Any CPU
		Release|Any CPU = Release|Any CPU
	EndGlobalSection
	GlobalSection(ProjectConfigurationPlatforms) = postSolution
		{4A63877B-B000-44E0-BFFC-18B6525A14DD}.Debug|Any CPU.ActiveCfg = Debug|Any CPU
		{4A63877B-B000-44E0-BFFC-18B6525A14DD}.Debug|Any CPU.Build.0 = Debug|Any CPU
		{4A63877B-B000-44E0-BFFC-18B6525A14DD}.Release|Any CPU.ActiveCfg = Release|Any CPU
		{4A63877B-B000-44E0-BFFC-18B6525A14DD}.Release|Any CPU.Build.0 = Release|Any CPU
		{CDCD702B-ED16-452B-AD8A-2E0BD62B1218}.Debug|Any CPU.ActiveCfg = Debug|Any CPU
		{CDCD702B-ED16-452B-AD8A-2E0BD62B1218}.Debug|Any CPU.Build.0 = Debug|Any CPU
		{CDCD702B-ED16-452B-AD8A-2E0BD62B1218}.Release|Any CPU.ActiveCfg = Release|Any CPU
		{CDCD702B-ED16-452B-AD8A-2E0BD62B1218}.Release|Any CPU.Build.0 = Release|Any CPU
	EndGlobalSection
	GlobalSection(SolutionProperties) = preSolution
		HideSolutionNode = FALSE
	EndGlobalSection
EndGlobal
